
Microsoft Visual Studio Solution File, Format Version 12.00
# 
Project("{FAE04EC0-301F-11D3-BF4B-00C04F79EFBC}") = "Application", "Application\Application.csproj", "{4BB76C32-8FB2-45F9-AB49-19FBC191DD0C}"
EndProject
Project("{FAE04EC0-301F-11D3-BF4B-00C04F79EFBC}") = "DataAccessLayer", "DataAccessLayer\DataAccessLayer.csproj", "{61D0C2D1-DEEE-421B-B7B5-78C837AEA3DD}"
EndProject
Project("{FAE04EC0-301F-11D3-BF4B-00C04F79EFBC}") = "Infrastructure", "Infrastructure\Infrastructure.csproj", "{3C320FD9-82DD-4AAB-9346-294005821248}"
EndProject
Project("{FAE04EC0-301F-11D3-BF4B-00C04F79EFBC}") = "BusinessLayer", "BusinessLayer\BusinessLayer.csproj", "{3E5C2B1D-8757-4177-B075-ECDAF15EF636}"
EndProject
Project("{FAE04EC0-301F-11D3-BF4B-00C04F79EFBC}") = "Tests", "Tests\Tests.csproj", "{2A659F39-E55B-43C6-AA35-EE19806F4400}"
EndProject
Project("{FAE04EC0-301F-11D3-BF4B-00C04F79EFBC}") = "API", "API\API.csproj", "{2332AE30-8920-45C8-9945-BD0D84297713}"
EndProject
Global
	GlobalSection(SolutionConfigurationPlatforms) = preSolution
		Debug|Any CPU = Debug|Any CPU
		Release|Any CPU = Release|Any CPU
	EndGlobalSection
	GlobalSection(ProjectConfigurationPlatforms) = postSolution
		{4BB76C32-8FB2-45F9-AB49-19FBC191DD0C}.Debug|Any CPU.ActiveCfg = Debug|Any CPU
		{4BB76C32-8FB2-45F9-AB49-19FBC191DD0C}.Debug|Any CPU.Build.0 = Debug|Any CPU
		{4BB76C32-8FB2-45F9-AB49-19FBC191DD0C}.Release|Any CPU.ActiveCfg = Release|Any CPU
		{4BB76C32-8FB2-45F9-AB49-19FBC191DD0C}.Release|Any CPU.Build.0 = Release|Any CPU
		{61D0C2D1-DEEE-421B-B7B5-78C837AEA3DD}.Debug|Any CPU.ActiveCfg = Debug|Any CPU
		{61D0C2D1-DEEE-421B-B7B5-78C837AEA3DD}.Debug|Any CPU.Build.0 = Debug|Any CPU
		{61D0C2D1-DEEE-421B-B7B5-78C837AEA3DD}.Release|Any CPU.ActiveCfg = Release|Any CPU
		{61D0C2D1-DEEE-421B-B7B5-78C837AEA3DD}.Release|Any CPU.Build.0 = Release|Any CPU
		{3C320FD9-82DD-4AAB-9346-294005821248}.Debug|Any CPU.ActiveCfg = Debug|Any CPU
		{3C320FD9-82DD-4AAB-9346-294005821248}.Debug|Any CPU.Build.0 = Debug|Any CPU
		{3C320FD9-82DD-4AAB-9346-294005821248}.Release|Any CPU.ActiveCfg = Release|Any CPU
		{3C320FD9-82DD-4AAB-9346-294005821248}.Release|Any CPU.Build.0 = Release|Any CPU
		{3E5C2B1D-8757-4177-B075-ECDAF15EF636}.Debug|Any CPU.ActiveCfg = Debug|Any CPU
		{3E5C2B1D-8757-4177-B075-ECDAF15EF636}.Debug|Any CPU.Build.0 = Debug|Any CPU
		{3E5C2B1D-8757-4177-B075-ECDAF15EF636}.Release|Any CPU.ActiveCfg = Release|Any CPU
		{3E5C2B1D-8757-4177-B075-ECDAF15EF636}.Release|Any CPU.Build.0 = Release|Any CPU
		{32981117-3E76-4647-A4E5-8CF25903B405}.Debug|Any CPU.ActiveCfg = Debug|Any CPU
		{32981117-3E76-4647-A4E5-8CF25903B405}.Debug|Any CPU.Build.0 = Debug|Any CPU
		{32981117-3E76-4647-A4E5-8CF25903B405}.Release|Any CPU.ActiveCfg = Release|Any CPU
		{32981117-3E76-4647-A4E5-8CF25903B405}.Release|Any CPU.Build.0 = Release|Any CPU
		{B8C643CE-6FF4-4DBC-8A1B-DC2897E25131}.Debug|Any CPU.ActiveCfg = Debug|Any CPU
		{B8C643CE-6FF4-4DBC-8A1B-DC2897E25131}.Debug|Any CPU.Build.0 = Debug|Any CPU
		{B8C643CE-6FF4-4DBC-8A1B-DC2897E25131}.Release|Any CPU.ActiveCfg = Release|Any CPU
		{B8C643CE-6FF4-4DBC-8A1B-DC2897E25131}.Release|Any CPU.Build.0 = Release|Any CPU
		{2A659F39-E55B-43C6-AA35-EE19806F4400}.Debug|Any CPU.ActiveCfg = Debug|Any CPU
		{2A659F39-E55B-43C6-AA35-EE19806F4400}.Debug|Any CPU.Build.0 = Debug|Any CPU
		{2A659F39-E55B-43C6-AA35-EE19806F4400}.Release|Any CPU.ActiveCfg = Release|Any CPU
		{2A659F39-E55B-43C6-AA35-EE19806F4400}.Release|Any CPU.Build.0 = Release|Any CPU
		{2332AE30-8920-45C8-9945-BD0D84297713}.Debug|Any CPU.ActiveCfg = Debug|Any CPU
		{2332AE30-8920-45C8-9945-BD0D84297713}.Debug|Any CPU.Build.0 = Debug|Any CPU
		{2332AE30-8920-45C8-9945-BD0D84297713}.Release|Any CPU.ActiveCfg = Release|Any CPU
		{2332AE30-8920-45C8-9945-BD0D84297713}.Release|Any CPU.Build.0 = Release|Any CPU
	EndGlobalSection
EndGlobal
