
Microsoft Visual Studio Solution File, Format Version 12.00
# 
Project("{FAE04EC0-301F-11D3-BF4B-00C04F79EFBC}") = "Application", "Application\Application.csproj", "{4BB76C32-8FB2-45F9-AB49-19FBC191DD0C}"
EndProject
Project("{FAE04EC0-301F-11D3-BF4B-00C04F79EFBC}") = "DataAccessLayer", "DataAccessLayer\DataAccessLayer.csproj", "{61D0C2D1-DEEE-421B-B7B5-78C837AEA3DD}"
EndProject
Project("{FAE04EC0-301F-11D3-BF4B-00C04F79EFBC}") = "Infrastructure", "Infrastructure\Infrastructure.csproj", "{3C320FD9-82DD-4AAB-9346-294005821248}"
EndProject
Project("{FAE04EC0-301F-11D3-BF4B-00C04F79EFBC}") = "BusinessLayer", "BusinessLayer\BusinessLayer.csproj", "{3E5C2B1D-8757-4177-B075-ECDAF15EF636}"
EndProject
Global
	GlobalSection(SolutionConfigurationPlatforms) = preSolution
		Debug|Any CPU = Debug|Any CPU
		Release|Any CPU = Release|Any CPU
	EndGlobalSection
	GlobalSection(ProjectConfigurationPlatforms) = postSolution
		{4BB76C32-8FB2-45F9-AB49-19FBC191DD0C}.Debug|Any CPU.ActiveCfg = Debug|Any CPU
		{4BB76C32-8FB2-45F9-AB49-19FBC191DD0C}.Debug|Any CPU.Build.0 = Debug|Any CPU
		{4BB76C32-8FB2-45F9-AB49-19FBC191DD0C}.Release|Any CPU.ActiveCfg = Release|Any CPU
		{4BB76C32-8FB2-45F9-AB49-19FBC191DD0C}.Release|Any CPU.Build.0 = Release|Any CPU
		{61D0C2D1-DEEE-421B-B7B5-78C837AEA3DD}.Debug|Any CPU.ActiveCfg = Debug|Any CPU
		{61D0C2D1-DEEE-421B-B7B5-78C837AEA3DD}.Debug|Any CPU.Build.0 = Debug|Any CPU
		{61D0C2D1-DEEE-421B-B7B5-78C837AEA3DD}.Release|Any CPU.ActiveCfg = Release|Any CPU
		{61D0C2D1-DEEE-421B-B7B5-78C837AEA3DD}.Release|Any CPU.Build.0 = Release|Any CPU
		{3C320FD9-82DD-4AAB-9346-294005821248}.Debug|Any CPU.ActiveCfg = Debug|Any CPU
		{3C320FD9-82DD-4AAB-9346-294005821248}.Debug|Any CPU.Build.0 = Debug|Any CPU
		{3C320FD9-82DD-4AAB-9346-294005821248}.Release|Any CPU.ActiveCfg = Release|Any CPU
		{3C320FD9-82DD-4AAB-9346-294005821248}.Release|Any CPU.Build.0 = Release|Any CPU
		{3E5C2B1D-8757-4177-B075-ECDAF15EF636}.Debug|Any CPU.ActiveCfg = Debug|Any CPU
		{3E5C2B1D-8757-4177-B075-ECDAF15EF636}.Debug|Any CPU.Build.0 = Debug|Any CPU
		{3E5C2B1D-8757-4177-B075-ECDAF15EF636}.Release|Any CPU.ActiveCfg = Release|Any CPU
		{3E5C2B1D-8757-4177-B075-ECDAF15EF636}.Release|Any CPU.Build.0 = Release|Any CPU
	EndGlobalSection
EndGlobal
